
Microsoft Visual Studio Solution File, Format Version 12.00
# Visual Studio 15
VisualStudioVersion = 15.0.28010.2003
MinimumVisualStudioVersion = 10.0.40219.1
Project("{FAE04EC0-301F-11D3-BF4B-00C04F79EFBC}") = "ClientSocket", "ClientSocket\ClientSocket.csproj", "{DD063625-C760-4FA8-AA2A-80ED183C2A02}"
EndProject
Global
	GlobalSection(SolutionConfigurationPlatforms) = preSolution
		Debug|Any CPU = Debug|Any CPU
		Release|Any CPU = Release|Any CPU
	EndGlobalSection
	GlobalSection(ProjectConfigurationPlatforms) = postSolution
		{DD063625-C760-4FA8-AA2A-80ED183C2A02}.Debug|Any CPU.ActiveCfg = Debug|Any CPU
		{DD063625-C760-4FA8-AA2A-80ED183C2A02}.Debug|Any CPU.Build.0 = Debug|Any CPU
		{DD063625-C760-4FA8-AA2A-80ED183C2A02}.Release|Any CPU.ActiveCfg = Release|Any CPU
		{DD063625-C760-4FA8-AA2A-80ED183C2A02}.Release|Any CPU.Build.0 = Release|Any CPU
	EndGlobalSection
	GlobalSection(SolutionProperties) = preSolution
		HideSolutionNode = FALSE
	EndGlobalSection
	GlobalSection(ExtensibilityGlobals) = postSolution
		SolutionGuid = {6C9F6B73-BF47-4A22-95CB-90057E60F1C9}
	EndGlobalSection
EndGlobal
